// !$*UTF8*$!
{
	archiveVersion = 1;
	classes = {
	};
	objectVersion = 46;
	objects = {

/* Begin PBXBuildFile section */
		6FA317051DD98AB900D05A15 /* main.m in Sources */ = {isa = PBXBuildFile; fileRef = 6FA317041DD98AB900D05A15 /* main.m */; };
		6FA3170D1DD98FCA00D05A15 /* PriceMaster.m in Sources */ = {isa = PBXBuildFile; fileRef = 6FA3170C1DD98FCA00D05A15 /* PriceMaster.m */; };
		6FA317101DD9A09900D05A15 /* BillMater.m in Sources */ = {isa = PBXBuildFile; fileRef = 6FA3170F1DD9A09900D05A15 /* BillMater.m */; };
/* End PBXBuildFile section */

/* Begin PBXCopyFilesBuildPhase section */
		6FA316FF1DD98AB900D05A15 /* CopyFiles */ = {
			isa = PBXCopyFilesBuildPhase;
			buildActionMask = 2147483647;
			dstPath = /usr/share/man/man1/;
			dstSubfolderSpec = 0;
			files = (
			);
			runOnlyForDeploymentPostprocessing = 1;
		};
/* End PBXCopyFilesBuildPhase section */

/* Begin PBXFileReference section */
		6FA317011DD98AB900D05A15 /* PWRestourant */ = {isa = PBXFileReference; explicitFileType = "compiled.mach-o.executable"; includeInIndex = 0; path = PWRestourant; sourceTree = BUILT_PRODUCTS_DIR; };
		6FA317041DD98AB900D05A15 /* main.m */ = {isa = PBXFileReference; lastKnownFileType = sourcecode.c.objc; path = main.m; sourceTree = "<group>"; };
		6FA3170B1DD98FCA00D05A15 /* PriceMaster.h */ = {isa = PBXFileReference; fileEncoding = 4; lastKnownFileType = sourcecode.c.h; path = PriceMaster.h; sourceTree = "<group>"; };
		6FA3170C1DD98FCA00D05A15 /* PriceMaster.m */ = {isa = PBXFileReference; fileEncoding = 4; lastKnownFileType = sourcecode.c.objc; path = PriceMaster.m; sourceTree = "<group>"; };
		6FA3170E1DD9A09900D05A15 /* BillMater.h */ = {isa = PBXFileReference; fileEncoding = 4; lastKnownFileType = sourcecode.c.h; path = BillMater.h; sourceTree = "<group>"; };
		6FA3170F1DD9A09900D05A15 /* BillMater.m */ = {isa = PBXFileReference; fileEncoding = 4; lastKnownFileType = sourcecode.c.objc; path = BillMater.m; sourceTree = "<group>"; };
/* End PBXFileReference section */

/* Begin PBXFrameworksBuildPhase section */
		6FA316FE1DD98AB900D05A15 /* Frameworks */ = {
			isa = PBXFrameworksBuildPhase;
			buildActionMask = 2147483647;
			files = (
			);
			runOnlyForDeploymentPostprocessing = 0;
		};
/* End PBXFrameworksBuildPhase section */

/* Begin PBXGroup section */
		6FA316F81DD98AB900D05A15 = {
			isa = PBXGroup;
			children = (
				6FA317031DD98AB900D05A15 /* PWRestourant */,
				6FA317021DD98AB900D05A15 /* Products */,
			);
			sourceTree = "<group>";
		};
		6FA317021DD98AB900D05A15 /* Products */ = {
			isa = PBXGroup;
			children = (
				6FA317011DD98AB900D05A15 /* PWRestourant */,
			);
			name = Products;
			sourceTree = "<group>";
		};
		6FA317031DD98AB900D05A15 /* PWRestourant */ = {
			isa = PBXGroup;
			children = (
				6FA317041DD98AB900D05A15 /* main.m */,
				6FA3170E1DD9A09900D05A15 /* BillMater.h */,
				6FA3170F1DD9A09900D05A15 /* BillMater.m */,
				6FA3170B1DD98FCA00D05A15 /* PriceMaster.h */,
				6FA3170C1DD98FCA00D05A15 /* PriceMaster.m */,
			);
			path = PWRestourant;
			sourceTree = "<group>";
		};
/* End PBXGroup section */

/* Begin PBXNativeTarget section */
		6FA317001DD98AB900D05A15 /* PWRestourant */ = {
			isa = PBXNativeTarget;
			buildConfigurationList = 6FA317081DD98AB900D05A15 /* Build configuration list for PBXNativeTarget "PWRestourant" */;
			buildPhases = (
				6FA316FD1DD98AB900D05A15 /* Sources */,
				6FA316FE1DD98AB900D05A15 /* Frameworks */,
				6FA316FF1DD98AB900D05A15 /* CopyFiles */,
			);
			buildRules = (
			);
			dependencies = (
			);
			name = PWRestourant;
			productName = PWRestourant;
			productReference = 6FA317011DD98AB900D05A15 /* PWRestourant */;
			productType = "com.apple.product-type.tool";
		};
/* End PBXNativeTarget section */

/* Begin PBXProject section */
		6FA316F91DD98AB900D05A15 /* Project object */ = {
			isa = PBXProject;
			attributes = {
				LastUpgradeCheck = 0730;
				ORGANIZATIONNAME = "Pallavi Wani";
				TargetAttributes = {
					6FA317001DD98AB900D05A15 = {
						CreatedOnToolsVersion = 7.3.1;
					};
				};
			};
			buildConfigurationList = 6FA316FC1DD98AB900D05A15 /* Build configuration list for PBXProject "PWRestourant" */;
			compatibilityVersion = "Xcode 3.2";
			developmentRegion = English;
			hasScannedForEncodings = 0;
			knownRegions = (
				en,
			);
			mainGroup = 6FA316F81DD98AB900D05A15;
			productRefGroup = 6FA317021DD98AB900D05A15 /* Products */;
			projectDirPath = "";
			projectRoot = "";
			targets = (
				6FA317001DD98AB900D05A15 /* PWRestourant */,
			);
		};
/* End PBXProject section */

/* Begin PBXSourcesBuildPhase section */
		6FA316FD1DD98AB900D05A15 /* Sources */ = {
			isa = PBXSourcesBuildPhase;
			buildActionMask = 2147483647;
			files = (
				6FA317101DD9A09900D05A15 /* BillMater.m in Sources */,
				6FA317051DD98AB900D05A15 /* main.m in Sources */,
				6FA3170D1DD98FCA00D05A15 /* PriceMaster.m in Sources */,
			);
			runOnlyForDeploymentPostprocessing = 0;
		};
/* End PBXSourcesBuildPhase section */

/* Begin XCBuildConfiguration section */
		6FA317061DD98AB900D05A15 /* Debug */ = {
			isa = XCBuildConfiguration;
			buildSettings = {
				ALWAYS_SEARCH_USER_PATHS = NO;
				CLANG_ANALYZER_NONNULL = YES;
				CLANG_CXX_LANGUAGE_STANDARD = "gnu++0x";
				CLANG_CXX_LIBRARY = "libc++";
				CLANG_ENABLE_MODULES = YES;
				CLANG_ENABLE_OBJC_ARC = YES;
				CLANG_WARN_BOOL_CONVERSION = YES;
				CLANG_WARN_CONSTANT_CONVERSION = YES;
				CLANG_WARN_DIRECT_OBJC_ISA_USAGE = YES_ERROR;
				CLANG_WARN_EMPTY_BODY = YES;
				CLANG_WARN_ENUM_CONVERSION = YES;
				CLANG_WARN_INT_CONVERSION = YES;
				CLANG_WARN_OBJC_ROOT_CLASS = YES_ERROR;
				CLANG_WARN_UNREACHABLE_CODE = YES;
				CLANG_WARN__DUPLICATE_METHOD_MATCH = YES;
				CODE_SIGN_IDENTITY = "-";
				COPY_PHASE_STRIP = NO;
				DEBUG_INFORMATION_FORMAT = dwarf;
				ENABLE_STRICT_OBJC_MSGSEND = YES;
				ENABLE_TESTABILITY = YES;
				GCC_C_LANGUAGE_STANDARD = gnu99;
				GCC_DYNAMIC_NO_PIC = NO;
				GCC_NO_COMMON_BLOCKS = YES;
				GCC_OPTIMIZATION_LEVEL = 0;
				GCC_PREPROCESSOR_DEFINITIONS = (
					"DEBUG=1",
					"$(inherited)",
				);
				GCC_WARN_64_TO_32_BIT_CONVERSION = YES;
				GCC_WARN_ABOUT_RETURN_TYPE = YES_ERROR;
				GCC_WARN_UNDECLARED_SELECTOR = YES;
				GCC_WARN_UNINITIALIZED_AUTOS = YES_AGGRESSIVE;
				GCC_WARN_UNUSED_FUNCTION = YES;
				GCC_WARN_UNUSED_VARIABLE = YES;
				MACOSX_DEPLOYMENT_TARGET = 10.11;
				MTL_ENABLE_DEBUG_INFO = YES;
				ONLY_ACTIVE_ARCH = YES;
				SDKROOT = macosx;
			};
			name = Debug;
		};
		6FA317071DD98AB900D05A15 /* Release */ = {
			isa = XCBuildConfiguration;
			buildSettings = {
				ALWAYS_SEARCH_USER_PATHS = NO;
				CLANG_ANALYZER_NONNULL = YES;
				CLANG_CXX_LANGUAGE_STANDARD = "gnu++0x";
				CLANG_CXX_LIBRARY = "libc++";
				CLANG_ENABLE_MODULES = YES;
				CLANG_ENABLE_OBJC_ARC = YES;
				CLANG_WARN_BOOL_CONVERSION = YES;
				CLANG_WARN_CONSTANT_CONVERSION = YES;
				CLANG_WARN_DIRECT_OBJC_ISA_USAGE = YES_ERROR;
				CLANG_WARN_EMPTY_BODY = YES;
				CLANG_WARN_ENUM_CONVERSION = YES;
				CLANG_WARN_INT_CONVERSION = YES;
				CLANG_WARN_OBJC_ROOT_CLASS = YES_ERROR;
				CLANG_WARN_UNREACHABLE_CODE = YES;
				CLANG_WARN__DUPLICATE_METHOD_MATCH = YES;
				CODE_SIGN_IDENTITY = "-";
				COPY_PHASE_STRIP = NO;
				DEBUG_INFORMATION_FORMAT = "dwarf-with-dsym";
				ENABLE_NS_ASSERTIONS = NO;
				ENABLE_STRICT_OBJC_MSGSEND = YES;
				GCC_C_LANGUAGE_STANDARD = gnu99;
				GCC_NO_COMMON_BLOCKS = YES;
				GCC_WARN_64_TO_32_BIT_CONVERSION = YES;
				GCC_WARN_ABOUT_RETURN_TYPE = YES_ERROR;
				GCC_WARN_UNDECLARED_SELECTOR = YES;
				GCC_WARN_UNINITIALIZED_AUTOS = YES_AGGRESSIVE;
				GCC_WARN_UNUSED_FUNCTION = YES;
				GCC_WARN_UNUSED_VARIABLE = YES;
				MACOSX_DEPLOYMENT_TARGET = 10.11;
				MTL_ENABLE_DEBUG_INFO = NO;
				SDKROOT = macosx;
			};
			name = Release;
		};
		6FA317091DD98AB900D05A15 /* Debug */ = {
			isa = XCBuildConfiguration;
			buildSettings = {
				PRODUCT_NAME = "$(TARGET_NAME)";
			};
			name = Debug;
		};
		6FA3170A1DD98AB900D05A15 /* Release */ = {
			isa = XCBuildConfiguration;
			buildSettings = {
				PRODUCT_NAME = "$(TARGET_NAME)";
			};
			name = Release;
		};
/* End XCBuildConfiguration section */

/* Begin XCConfigurationList section */
		6FA316FC1DD98AB900D05A15 /* Build configuration list for PBXProject "PWRestourant" */ = {
			isa = XCConfigurationList;
			buildConfigurations = (
				6FA317061DD98AB900D05A15 /* Debug */,
				6FA317071DD98AB900D05A15 /* Release */,
			);
			defaultConfigurationIsVisible = 0;
			defaultConfigurationName = Release;
		};
		6FA317081DD98AB900D05A15 /* Build configuration list for PBXNativeTarget "PWRestourant" */ = {
			isa = XCConfigurationList;
			buildConfigurations = (
				6FA317091DD98AB900D05A15 /* Debug */,
				6FA3170A1DD98AB900D05A15 /* Release */,
			);
			defaultConfigurationIsVisible = 0;
		};
/* End XCConfigurationList section */
	};
	rootObject = 6FA316F91DD98AB900D05A15 /* Project object */;
}
